
Microsoft Visual Studio Solution File, Format Version 12.00
# Visual Studio Version 17
VisualStudioVersion = 17.12.35707.178 d17.12
MinimumVisualStudioVersion = 10.0.40219.1
Project("{FAE04EC0-301F-11D3-BF4B-00C04F79EFBC}") = "samantha_progpart3", "samantha_progpart3.csproj", "{C2A418AD-9526-4EBB-B6C7-898C634161BC}"
EndProject
Global
	GlobalSection(SolutionConfigurationPlatforms) = preSolution
		Debug|Any CPU = Debug|Any CPU
		Release|Any CPU = Release|Any CPU
	EndGlobalSection
	GlobalSection(ProjectConfigurationPlatforms) = postSolution
		{C2A418AD-9526-4EBB-B6C7-898C634161BC}.Debug|Any CPU.ActiveCfg = Debug|Any CPU
		{C2A418AD-9526-4EBB-B6C7-898C634161BC}.Debug|Any CPU.Build.0 = Debug|Any CPU
		{C2A418AD-9526-4EBB-B6C7-898C634161BC}.Release|Any CPU.ActiveCfg = Release|Any CPU
		{C2A418AD-9526-4EBB-B6C7-898C634161BC}.Release|Any CPU.Build.0 = Release|Any CPU
	EndGlobalSection
	GlobalSection(SolutionProperties) = preSolution
		HideSolutionNode = FALSE
	EndGlobalSection
EndGlobal
